# THIS IS AN AUTOGENERATED FILE. DO NOT EDIT THIS FILE DIRECTLY.
# yarn lockfile v1


"@types/lodash@^4.17.6":
  version "4.17.6"
  resolved "https://registry.yarnpkg.com/@types/lodash/-/lodash-4.17.6.tgz#193ced6a40c8006cfc1ca3f4553444fb38f0e543"
  integrity sha512-OpXEVoCKSS3lQqjx9GGGOapBeuW5eUboYHRlHP9urXPX25IKZ6AnP5ZRxtVf63iieUbsHxLn8NQ5Nlftc6yzAA==

"@types/wechat-miniprogram@^3.4.0":
  version "3.4.7"
  resolved "https://registry.npmmirror.com/@types/wechat-miniprogram/-/wechat-miniprogram-3.4.7.tgz#6cc794bb3ca1deb09e0442a3a871b2603e454276"
  integrity sha512-X6SVOOaTPQN24lYBSV5jLuWyIedx8DGJnT0VUBnoNzJruhxotCL28ecGb7AO5JfXOXtHqSS5+CnJ70NxFxmisA==

"@vant/weapp@^1.11.2":
  version "1.11.2"
  resolved "https://registry.npmmirror.com/@vant/weapp/-/weapp-1.11.2.tgz#49f0020012cc712afbcaaaadbbed8afce9be7f6f"
  integrity sha512-NlZQEW4ijxD1GAmTY0dz2mEw0KWff9DSi5k5WGl1YS19qGp1l3BssID/uBnzrC82HjWH/Sb5V9+r7/YEcfnBPQ==

extend@^3.0.2:
  version "3.0.2"
  resolved "https://registry.yarnpkg.com/extend/-/extend-3.0.2.tgz#f8b1136b4071fbd8eb140aff858b1019ec2915fa"
  integrity sha512-fjquC59cD7CyW6urNXK0FBufkZcoiGG80wTuPujX590cB5Ttln20E2UB4S/WARVqhXffZl2LNgS+gQdPIIim/g==

lodash@^4.17.21:
  version "4.17.21"
  resolved "https://registry.yarnpkg.com/lodash/-/lodash-4.17.21.tgz#679591c564c3bffaae8454cf0b3df370c3d6911c"
  integrity sha512-v2kDEe57lecTulaDIuNTPy3Ry4gLGJ6Z1O3vE1krgXZNrsQ+LFTGHVxVjcXPs17LhbZVGedAJv8XZ1tvj5FvSg==

miniprogram-api-typings@^3.12.2:
  version "3.12.2"
  resolved "https://registry.npmmirror.com/miniprogram-api-typings/-/miniprogram-api-typings-3.12.2.tgz#88f9a43e5a7ab9162d848feee0e876f9bae52585"
  integrity sha512-OJB2uVAfhycX4teG/zEVpoThushQqLOx946XACDpVc6OQydiJWjn7djVzvNCbv0VOA7sbHGPQp/RkXD9vMCDEw==

mobx-miniprogram-bindings@^2.1.5:
  version "2.1.5"
  resolved "https://registry.npmmirror.com/mobx-miniprogram-bindings/-/mobx-miniprogram-bindings-2.1.5.tgz#148a9e9bb47b7ef2b4bdc3786dff57666e33a2eb"
  integrity sha512-2HuiQL5FPgoYJ8XIMdw5iD6XT61LtsujaGyizbN845iZcsLmrKZiF0dKd4jQTSuC/6rGozqqhcy0sDc7qcpjYQ==
  dependencies:
    "@types/wechat-miniprogram" "^3.4.0"

mobx-miniprogram@^4.13.2:
  version "4.13.2"
  resolved "https://registry.npmmirror.com/mobx-miniprogram/-/mobx-miniprogram-4.13.2.tgz#b72c03fd5ad1f1b9022c422f9c88a47d1e5f8868"
  integrity sha512-C3HtkqHCLKp35N2gXA80yFD6PNfSqwioPFmnjTQpBLrEqYm1F6yiWZ57CW+8FqgmR306mw6ZfsM5q7hSTHw8BQ==

weapp-qrcode@^1.0.0:
  version "1.0.0"
  resolved "https://registry.yarnpkg.com/weapp-qrcode/-/weapp-qrcode-1.0.0.tgz#4f3b4b4e7d37710c513439166734587859aebbfc"
  integrity sha512-4sa3W0rGDVJ9QaeZpAKlAuUxVyjhDwiUqHyGK/jJMsRMXnhb4yO8qWU/pZruMo+iT5J6CraS67lDMFb1VY+RaA==
  dependencies:
    extend "^3.0.2"
